// !$*UTF8*$!
{
	archiveVersion = 1;
	classes = {
	};
	objectVersion = 55;
	objects = {

/* Begin PBXBuildFile section */
		3A7BFF9828559857009ADD45 /* OnBoardingViewController3.swift in Sources */ = {isa = PBXBuildFile; fileRef = 3A7BFF9628559857009ADD45 /* OnBoardingViewController3.swift */; };
		3A7BFF9928559857009ADD45 /* OnBoardingViewController3.xib in Resources */ = {isa = PBXBuildFile; fileRef = 3A7BFF9728559857009ADD45 /* OnBoardingViewController3.xib */; };
		3A7BFF9C2855A1F8009ADD45 /* OnBoardingViewController4.swift in Sources */ = {isa = PBXBuildFile; fileRef = 3A7BFF9A2855A1F8009ADD45 /* OnBoardingViewController4.swift */; };
		3A7BFF9D2855A1F8009ADD45 /* OnBoardingViewController4.xib in Resources */ = {isa = PBXBuildFile; fileRef = 3A7BFF9B2855A1F8009ADD45 /* OnBoardingViewController4.xib */; };
		3A7BFFA02855B3FB009ADD45 /* OnBoardingViewController5.swift in Sources */ = {isa = PBXBuildFile; fileRef = 3A7BFF9E2855B3FB009ADD45 /* OnBoardingViewController5.swift */; };
		3A7BFFA12855B3FB009ADD45 /* OnBoardingViewController5.xib in Resources */ = {isa = PBXBuildFile; fileRef = 3A7BFF9F2855B3FB009ADD45 /* OnBoardingViewController5.xib */; };
		3A7BFFA42855B6E6009ADD45 /* OnBoardingViewController6.swift in Sources */ = {isa = PBXBuildFile; fileRef = 3A7BFFA22855B6E6009ADD45 /* OnBoardingViewController6.swift */; };
		3A7BFFA52855B6E6009ADD45 /* OnBoardingViewController6.xib in Resources */ = {isa = PBXBuildFile; fileRef = 3A7BFFA32855B6E6009ADD45 /* OnBoardingViewController6.xib */; };
		3AF8F5982854D0690036D277 /* Bahnschrift.ttf in Resources */ = {isa = PBXBuildFile; fileRef = 3AF8F5972854D0690036D277 /* Bahnschrift.ttf */; };
		3AF8F59C2854E33B0036D277 /* OnBoardingViewController1.swift in Sources */ = {isa = PBXBuildFile; fileRef = 3AF8F59A2854E33B0036D277 /* OnBoardingViewController1.swift */; };
		3AF8F59D2854E33B0036D277 /* OnBoardingViewController1.xib in Resources */ = {isa = PBXBuildFile; fileRef = 3AF8F59B2854E33B0036D277 /* OnBoardingViewController1.xib */; };
		3AF8F5A02854E53B0036D277 /* OnBoardingViewController.swift in Sources */ = {isa = PBXBuildFile; fileRef = 3AF8F59E2854E53B0036D277 /* OnBoardingViewController.swift */; };
		3AF8F5A12854E53B0036D277 /* OnBoardingViewController.xib in Resources */ = {isa = PBXBuildFile; fileRef = 3AF8F59F2854E53B0036D277 /* OnBoardingViewController.xib */; };
		5A1162AF285485F7004CC389 /* EventCollectionModel.swift in Sources */ = {isa = PBXBuildFile; fileRef = 5A1162AE285485F7004CC389 /* EventCollectionModel.swift */; };
		5A1162B828548C67004CC389 /* EventMapViewModel.swift in Sources */ = {isa = PBXBuildFile; fileRef = 5A1162B728548C67004CC389 /* EventMapViewModel.swift */; };
		5A1162BA28548C92004CC389 /* EventsDataWorker.swift in Sources */ = {isa = PBXBuildFile; fileRef = 5A1162B928548C92004CC389 /* EventsDataWorker.swift */; };
		5A7238AA283453CE0052CEBE /* AppDelegate.swift in Sources */ = {isa = PBXBuildFile; fileRef = 5A7238A9283453CE0052CEBE /* AppDelegate.swift */; };
		5A7238AC283453CE0052CEBE /* SceneDelegate.swift in Sources */ = {isa = PBXBuildFile; fileRef = 5A7238AB283453CE0052CEBE /* SceneDelegate.swift */; };
		5A7238B4283453CE0052CEBE /* HelpNear.xcdatamodeld in Sources */ = {isa = PBXBuildFile; fileRef = 5A7238B2283453CE0052CEBE /* HelpNear.xcdatamodeld */; };
		5A7238B6283453D00052CEBE /* Assets.xcassets in Resources */ = {isa = PBXBuildFile; fileRef = 5A7238B5283453D00052CEBE /* Assets.xcassets */; };
		5A7238B9283453D00052CEBE /* LaunchScreen.storyboard in Resources */ = {isa = PBXBuildFile; fileRef = 5A7238B7283453D00052CEBE /* LaunchScreen.storyboard */; };
		5A7238C2283454670052CEBE /* ProjectCoordinator.swift in Sources */ = {isa = PBXBuildFile; fileRef = 5A7238C1283454670052CEBE /* ProjectCoordinator.swift */; };
		5A7238CA283455280052CEBE /* UIView+Ext.swift in Sources */ = {isa = PBXBuildFile; fileRef = 5A7238C4283455280052CEBE /* UIView+Ext.swift */; };
		5A7238CB283455280052CEBE /* UICollectionView+Ext.swift in Sources */ = {isa = PBXBuildFile; fileRef = 5A7238C5283455280052CEBE /* UICollectionView+Ext.swift */; };
		5A7238CC283455280052CEBE /* UITableView+Ext.swift in Sources */ = {isa = PBXBuildFile; fileRef = 5A7238C6283455280052CEBE /* UITableView+Ext.swift */; };
		5A7238CD283455280052CEBE /* UITableViewCell+Ext.swift in Sources */ = {isa = PBXBuildFile; fileRef = 5A7238C7283455280052CEBE /* UITableViewCell+Ext.swift */; };
		5A7238CE283455280052CEBE /* UICollectionViewCell+Ext.swift in Sources */ = {isa = PBXBuildFile; fileRef = 5A7238C8283455280052CEBE /* UICollectionViewCell+Ext.swift */; };
		5A7238CF283455280052CEBE /* UIViewController+Ext.swift in Sources */ = {isa = PBXBuildFile; fileRef = 5A7238C9283455280052CEBE /* UIViewController+Ext.swift */; };
		5A7238D4283456170052CEBE /* NetworkWorker.swift in Sources */ = {isa = PBXBuildFile; fileRef = 5A7238D1283456170052CEBE /* NetworkWorker.swift */; };
		5A7238D5283456170052CEBE /* JSONWorker.swift in Sources */ = {isa = PBXBuildFile; fileRef = 5A7238D2283456170052CEBE /* JSONWorker.swift */; };
		5A7238D6283456170052CEBE /* CoreDataWorker.swift in Sources */ = {isa = PBXBuildFile; fileRef = 5A7238D3283456170052CEBE /* CoreDataWorker.swift */; };
		5A791A2128510D0100CE81E0 /* LocationModel.swift in Sources */ = {isa = PBXBuildFile; fileRef = 5A791A2028510D0100CE81E0 /* LocationModel.swift */; };
		5A791A2328510EF300CE81E0 /* POIModel.swift in Sources */ = {isa = PBXBuildFile; fileRef = 5A791A2228510EF300CE81E0 /* POIModel.swift */; };
		5A791A2528512A4700CE81E0 /* EventCollectionHeader.swift in Sources */ = {isa = PBXBuildFile; fileRef = 5A791A2428512A4700CE81E0 /* EventCollectionHeader.swift */; };
		5A791A2728512B1700CE81E0 /* LoadingBlurView.swift in Sources */ = {isa = PBXBuildFile; fileRef = 5A791A2628512B1700CE81E0 /* LoadingBlurView.swift */; };
		5A791A2928512D3900CE81E0 /* EventCollectionCell.swift in Sources */ = {isa = PBXBuildFile; fileRef = 5A791A2828512D3900CE81E0 /* EventCollectionCell.swift */; };
		5A7D31862853E43D00DEA43E /* RequirementsScrolledList.swift in Sources */ = {isa = PBXBuildFile; fileRef = 5A7D31852853E43D00DEA43E /* RequirementsScrolledList.swift */; };
		5A7E5AFC2854A04F004B5FBB /* EventCollectionViewModel.swift in Sources */ = {isa = PBXBuildFile; fileRef = 5A7E5AFB2854A04F004B5FBB /* EventCollectionViewModel.swift */; };
		5A9CA6732843899C00ECD890 /* RegistrationScreen.swift in Sources */ = {isa = PBXBuildFile; fileRef = 5A9CA6722843899C00ECD890 /* RegistrationScreen.swift */; };
		5AB37B56283982CE00CD54EA /* EventCollectionScreen.swift in Sources */ = {isa = PBXBuildFile; fileRef = 5AB37B55283982CE00CD54EA /* EventCollectionScreen.swift */; };
		5AB37B582839844400CD54EA /* EventMapScreen.swift in Sources */ = {isa = PBXBuildFile; fileRef = 5AB37B572839844400CD54EA /* EventMapScreen.swift */; };
		5AB37B5A283984BC00CD54EA /* Enums.swift in Sources */ = {isa = PBXBuildFile; fileRef = 5AB37B59283984BC00CD54EA /* Enums.swift */; };
		5AB37B5F2839887C00CD54EA /* LocationWorker.swift in Sources */ = {isa = PBXBuildFile; fileRef = 5AB37B5E2839887C00CD54EA /* LocationWorker.swift */; };
		5ACA95492835496200FB125C /* UserProfileScreen.swift in Sources */ = {isa = PBXBuildFile; fileRef = 5ACA95482835496200FB125C /* UserProfileScreen.swift */; };
		5ACA954C2835547000FB125C /* MapSingleView.swift in Sources */ = {isa = PBXBuildFile; fileRef = 5ACA954B2835547000FB125C /* MapSingleView.swift */; };
		5EA4D41473303534CD64CC94 /* Pods_HelpNear.framework in Frameworks */ = {isa = PBXBuildFile; fileRef = 10699B62BA81115C5BEC2428 /* Pods_HelpNear.framework */; };
/* End PBXBuildFile section */

/* Begin PBXFileReference section */
		10699B62BA81115C5BEC2428 /* Pods_HelpNear.framework */ = {isa = PBXFileReference; explicitFileType = wrapper.framework; includeInIndex = 0; path = Pods_HelpNear.framework; sourceTree = BUILT_PRODUCTS_DIR; };
		3A7BFF9628559857009ADD45 /* OnBoardingViewController3.swift */ = {isa = PBXFileReference; lastKnownFileType = sourcecode.swift; path = OnBoardingViewController3.swift; sourceTree = "<group>"; };
		3A7BFF9728559857009ADD45 /* OnBoardingViewController3.xib */ = {isa = PBXFileReference; lastKnownFileType = file.xib; path = OnBoardingViewController3.xib; sourceTree = "<group>"; };
		3A7BFF9A2855A1F8009ADD45 /* OnBoardingViewController4.swift */ = {isa = PBXFileReference; lastKnownFileType = sourcecode.swift; path = OnBoardingViewController4.swift; sourceTree = "<group>"; };
		3A7BFF9B2855A1F8009ADD45 /* OnBoardingViewController4.xib */ = {isa = PBXFileReference; lastKnownFileType = file.xib; path = OnBoardingViewController4.xib; sourceTree = "<group>"; };
		3A7BFF9E2855B3FB009ADD45 /* OnBoardingViewController5.swift */ = {isa = PBXFileReference; lastKnownFileType = sourcecode.swift; path = OnBoardingViewController5.swift; sourceTree = "<group>"; };
		3A7BFF9F2855B3FB009ADD45 /* OnBoardingViewController5.xib */ = {isa = PBXFileReference; lastKnownFileType = file.xib; path = OnBoardingViewController5.xib; sourceTree = "<group>"; };
		3A7BFFA22855B6E6009ADD45 /* OnBoardingViewController6.swift */ = {isa = PBXFileReference; lastKnownFileType = sourcecode.swift; path = OnBoardingViewController6.swift; sourceTree = "<group>"; };
		3A7BFFA32855B6E6009ADD45 /* OnBoardingViewController6.xib */ = {isa = PBXFileReference; lastKnownFileType = file.xib; path = OnBoardingViewController6.xib; sourceTree = "<group>"; };
		3AF8F5972854D0690036D277 /* Bahnschrift.ttf */ = {isa = PBXFileReference; lastKnownFileType = file; path = Bahnschrift.ttf; sourceTree = "<group>"; };
		3AF8F59A2854E33B0036D277 /* OnBoardingViewController1.swift */ = {isa = PBXFileReference; lastKnownFileType = sourcecode.swift; path = OnBoardingViewController1.swift; sourceTree = "<group>"; };
		3AF8F59B2854E33B0036D277 /* OnBoardingViewController1.xib */ = {isa = PBXFileReference; lastKnownFileType = file.xib; path = OnBoardingViewController1.xib; sourceTree = "<group>"; };
		3AF8F59E2854E53B0036D277 /* OnBoardingViewController.swift */ = {isa = PBXFileReference; lastKnownFileType = sourcecode.swift; path = OnBoardingViewController.swift; sourceTree = "<group>"; };
		3AF8F59F2854E53B0036D277 /* OnBoardingViewController.xib */ = {isa = PBXFileReference; lastKnownFileType = file.xib; path = OnBoardingViewController.xib; sourceTree = "<group>"; };
		5A1162AE285485F7004CC389 /* EventCollectionModel.swift */ = {isa = PBXFileReference; lastKnownFileType = sourcecode.swift; path = EventCollectionModel.swift; sourceTree = "<group>"; };
		5A1162B728548C67004CC389 /* EventMapViewModel.swift */ = {isa = PBXFileReference; lastKnownFileType = sourcecode.swift; path = EventMapViewModel.swift; sourceTree = "<group>"; };
		5A1162B928548C92004CC389 /* EventsDataWorker.swift */ = {isa = PBXFileReference; lastKnownFileType = sourcecode.swift; path = EventsDataWorker.swift; sourceTree = "<group>"; };
		5A7238A6283453CE0052CEBE /* HelpNear.app */ = {isa = PBXFileReference; explicitFileType = wrapper.application; includeInIndex = 0; path = HelpNear.app; sourceTree = BUILT_PRODUCTS_DIR; };
		5A7238A9283453CE0052CEBE /* AppDelegate.swift */ = {isa = PBXFileReference; lastKnownFileType = sourcecode.swift; path = AppDelegate.swift; sourceTree = "<group>"; };
		5A7238AB283453CE0052CEBE /* SceneDelegate.swift */ = {isa = PBXFileReference; lastKnownFileType = sourcecode.swift; path = SceneDelegate.swift; sourceTree = "<group>"; };
		5A7238B3283453CE0052CEBE /* HelpNear.xcdatamodel */ = {isa = PBXFileReference; lastKnownFileType = wrapper.xcdatamodel; path = HelpNear.xcdatamodel; sourceTree = "<group>"; };
		5A7238B5283453D00052CEBE /* Assets.xcassets */ = {isa = PBXFileReference; lastKnownFileType = folder.assetcatalog; path = Assets.xcassets; sourceTree = "<group>"; };
		5A7238B8283453D00052CEBE /* Base */ = {isa = PBXFileReference; lastKnownFileType = file.storyboard; name = Base; path = Base.lproj/LaunchScreen.storyboard; sourceTree = "<group>"; };
		5A7238BA283453D00052CEBE /* Info.plist */ = {isa = PBXFileReference; lastKnownFileType = text.plist.xml; path = Info.plist; sourceTree = "<group>"; };
		5A7238C1283454670052CEBE /* ProjectCoordinator.swift */ = {isa = PBXFileReference; lastKnownFileType = sourcecode.swift; path = ProjectCoordinator.swift; sourceTree = "<group>"; };
		5A7238C4283455280052CEBE /* UIView+Ext.swift */ = {isa = PBXFileReference; fileEncoding = 4; lastKnownFileType = sourcecode.swift; path = "UIView+Ext.swift"; sourceTree = "<group>"; };
		5A7238C5283455280052CEBE /* UICollectionView+Ext.swift */ = {isa = PBXFileReference; fileEncoding = 4; lastKnownFileType = sourcecode.swift; path = "UICollectionView+Ext.swift"; sourceTree = "<group>"; };
		5A7238C6283455280052CEBE /* UITableView+Ext.swift */ = {isa = PBXFileReference; fileEncoding = 4; lastKnownFileType = sourcecode.swift; path = "UITableView+Ext.swift"; sourceTree = "<group>"; };
		5A7238C7283455280052CEBE /* UITableViewCell+Ext.swift */ = {isa = PBXFileReference; fileEncoding = 4; lastKnownFileType = sourcecode.swift; path = "UITableViewCell+Ext.swift"; sourceTree = "<group>"; };
		5A7238C8283455280052CEBE /* UICollectionViewCell+Ext.swift */ = {isa = PBXFileReference; fileEncoding = 4; lastKnownFileType = sourcecode.swift; path = "UICollectionViewCell+Ext.swift"; sourceTree = "<group>"; };
		5A7238C9283455280052CEBE /* UIViewController+Ext.swift */ = {isa = PBXFileReference; fileEncoding = 4; lastKnownFileType = sourcecode.swift; path = "UIViewController+Ext.swift"; sourceTree = "<group>"; };
		5A7238D1283456170052CEBE /* NetworkWorker.swift */ = {isa = PBXFileReference; fileEncoding = 4; lastKnownFileType = sourcecode.swift; path = NetworkWorker.swift; sourceTree = "<group>"; };
		5A7238D2283456170052CEBE /* JSONWorker.swift */ = {isa = PBXFileReference; fileEncoding = 4; lastKnownFileType = sourcecode.swift; path = JSONWorker.swift; sourceTree = "<group>"; };
		5A7238D3283456170052CEBE /* CoreDataWorker.swift */ = {isa = PBXFileReference; fileEncoding = 4; lastKnownFileType = sourcecode.swift; path = CoreDataWorker.swift; sourceTree = "<group>"; };
		5A791A2028510D0100CE81E0 /* LocationModel.swift */ = {isa = PBXFileReference; lastKnownFileType = sourcecode.swift; path = LocationModel.swift; sourceTree = "<group>"; };
		5A791A2228510EF300CE81E0 /* POIModel.swift */ = {isa = PBXFileReference; lastKnownFileType = sourcecode.swift; path = POIModel.swift; sourceTree = "<group>"; };
		5A791A2428512A4700CE81E0 /* EventCollectionHeader.swift */ = {isa = PBXFileReference; lastKnownFileType = sourcecode.swift; path = EventCollectionHeader.swift; sourceTree = "<group>"; };
		5A791A2628512B1700CE81E0 /* LoadingBlurView.swift */ = {isa = PBXFileReference; fileEncoding = 4; lastKnownFileType = sourcecode.swift; path = LoadingBlurView.swift; sourceTree = "<group>"; };
		5A791A2828512D3900CE81E0 /* EventCollectionCell.swift */ = {isa = PBXFileReference; lastKnownFileType = sourcecode.swift; path = EventCollectionCell.swift; sourceTree = "<group>"; };
		5A7D31852853E43D00DEA43E /* RequirementsScrolledList.swift */ = {isa = PBXFileReference; lastKnownFileType = sourcecode.swift; path = RequirementsScrolledList.swift; sourceTree = "<group>"; };
		5A7E5AFB2854A04F004B5FBB /* EventCollectionViewModel.swift */ = {isa = PBXFileReference; fileEncoding = 4; lastKnownFileType = sourcecode.swift; path = EventCollectionViewModel.swift; sourceTree = "<group>"; };
		5A9CA6722843899C00ECD890 /* RegistrationScreen.swift */ = {isa = PBXFileReference; lastKnownFileType = sourcecode.swift; path = RegistrationScreen.swift; sourceTree = "<group>"; };
		5AB37B55283982CE00CD54EA /* EventCollectionScreen.swift */ = {isa = PBXFileReference; lastKnownFileType = sourcecode.swift; path = EventCollectionScreen.swift; sourceTree = "<group>"; };
		5AB37B572839844400CD54EA /* EventMapScreen.swift */ = {isa = PBXFileReference; lastKnownFileType = sourcecode.swift; path = EventMapScreen.swift; sourceTree = "<group>"; };
		5AB37B59283984BC00CD54EA /* Enums.swift */ = {isa = PBXFileReference; fileEncoding = 4; lastKnownFileType = sourcecode.swift; path = Enums.swift; sourceTree = "<group>"; };
		5AB37B5E2839887C00CD54EA /* LocationWorker.swift */ = {isa = PBXFileReference; lastKnownFileType = sourcecode.swift; path = LocationWorker.swift; sourceTree = "<group>"; };
		5ACA95482835496200FB125C /* UserProfileScreen.swift */ = {isa = PBXFileReference; lastKnownFileType = sourcecode.swift; path = UserProfileScreen.swift; sourceTree = "<group>"; };
		5ACA954B2835547000FB125C /* MapSingleView.swift */ = {isa = PBXFileReference; lastKnownFileType = sourcecode.swift; path = MapSingleView.swift; sourceTree = "<group>"; };
		CCB986EA9FAD6E8F0609DAC5 /* Pods-HelpNear.release.xcconfig */ = {isa = PBXFileReference; includeInIndex = 1; lastKnownFileType = text.xcconfig; name = "Pods-HelpNear.release.xcconfig"; path = "Target Support Files/Pods-HelpNear/Pods-HelpNear.release.xcconfig"; sourceTree = "<group>"; };
		F399C5713899BA23CF882C32 /* Pods-HelpNear.debug.xcconfig */ = {isa = PBXFileReference; includeInIndex = 1; lastKnownFileType = text.xcconfig; name = "Pods-HelpNear.debug.xcconfig"; path = "Target Support Files/Pods-HelpNear/Pods-HelpNear.debug.xcconfig"; sourceTree = "<group>"; };
/* End PBXFileReference section */

/* Begin PBXFrameworksBuildPhase section */
		5A7238A3283453CE0052CEBE /* Frameworks */ = {
			isa = PBXFrameworksBuildPhase;
			buildActionMask = 2147483647;
			files = (
				5EA4D41473303534CD64CC94 /* Pods_HelpNear.framework in Frameworks */,
			);
			runOnlyForDeploymentPostprocessing = 0;
		};
/* End PBXFrameworksBuildPhase section */

/* Begin PBXGroup section */
		3AF8F5962854CFFC0036D277 /* Fonts */ = {
			isa = PBXGroup;
			children = (
				3AF8F5972854D0690036D277 /* Bahnschrift.ttf */,
			);
			path = Fonts;
			sourceTree = "<group>";
		};
		3AF8F5992854DA220036D277 /* OnBoarding */ = {
			isa = PBXGroup;
			children = (
				3AF8F59A2854E33B0036D277 /* OnBoardingViewController1.swift */,
				3AF8F59B2854E33B0036D277 /* OnBoardingViewController1.xib */,
				3AF8F59E2854E53B0036D277 /* OnBoardingViewController.swift */,
				3AF8F59F2854E53B0036D277 /* OnBoardingViewController.xib */,
				3A7BFF9628559857009ADD45 /* OnBoardingViewController3.swift */,
				3A7BFF9728559857009ADD45 /* OnBoardingViewController3.xib */,
				3A7BFF9A2855A1F8009ADD45 /* OnBoardingViewController4.swift */,
				3A7BFF9B2855A1F8009ADD45 /* OnBoardingViewController4.xib */,
				3A7BFF9E2855B3FB009ADD45 /* OnBoardingViewController5.swift */,
				3A7BFF9F2855B3FB009ADD45 /* OnBoardingViewController5.xib */,
				3A7BFFA22855B6E6009ADD45 /* OnBoardingViewController6.swift */,
				3A7BFFA32855B6E6009ADD45 /* OnBoardingViewController6.xib */,
			);
			path = OnBoarding;
			sourceTree = "<group>";
		};
		3CFB15879C353B25F7A5272F /* Pods */ = {
			isa = PBXGroup;
			children = (
				F399C5713899BA23CF882C32 /* Pods-HelpNear.debug.xcconfig */,
				CCB986EA9FAD6E8F0609DAC5 /* Pods-HelpNear.release.xcconfig */,
			);
			path = Pods;
			sourceTree = "<group>";
		};
		5A1162AB285481AB004CC389 /* EventCollectionViews */ = {
			isa = PBXGroup;
			children = (
				5AB37B55283982CE00CD54EA /* EventCollectionScreen.swift */,
				5A791A2428512A4700CE81E0 /* EventCollectionHeader.swift */,
				5A791A2828512D3900CE81E0 /* EventCollectionCell.swift */,
			);
			path = EventCollectionViews;
			sourceTree = "<group>";
		};
		5A1162AC285481C8004CC389 /* EventCollectionViewModels */ = {
			isa = PBXGroup;
			children = (
				5A7E5AFB2854A04F004B5FBB /* EventCollectionViewModel.swift */,
			);
			path = EventCollectionViewModels;
			sourceTree = "<group>";
		};
		5A1162AD285481EA004CC389 /* EventCollectionModels */ = {
			isa = PBXGroup;
			children = (
				5A1162AE285485F7004CC389 /* EventCollectionModel.swift */,
			);
			path = EventCollectionModels;
			sourceTree = "<group>";
		};
		5A1162B328548C17004CC389 /* EventMapViews */ = {
			isa = PBXGroup;
			children = (
				5AB37B572839844400CD54EA /* EventMapScreen.swift */,
			);
			path = EventMapViews;
			sourceTree = "<group>";
		};
		5A1162B428548C1F004CC389 /* EventMapViewModels */ = {
			isa = PBXGroup;
			children = (
				5A1162B728548C67004CC389 /* EventMapViewModel.swift */,
			);
			path = EventMapViewModels;
			sourceTree = "<group>";
		};
		5A1162B628548C30004CC389 /* EventMapModels */ = {
			isa = PBXGroup;
			children = (
				5A791A2028510D0100CE81E0 /* LocationModel.swift */,
			);
			path = EventMapModels;
			sourceTree = "<group>";
		};
		5A72389D283453CE0052CEBE = {
			isa = PBXGroup;
			children = (
				5A7238A8283453CE0052CEBE /* HelpNear */,
				5A7238A7283453CE0052CEBE /* Products */,
				3CFB15879C353B25F7A5272F /* Pods */,
				86FBBBE4821356FC68B93EE8 /* Frameworks */,
			);
			sourceTree = "<group>";
		};
		5A7238A7283453CE0052CEBE /* Products */ = {
			isa = PBXGroup;
			children = (
				5A7238A6283453CE0052CEBE /* HelpNear.app */,
			);
			name = Products;
			sourceTree = "<group>";
		};
		5A7238A8283453CE0052CEBE /* HelpNear */ = {
			isa = PBXGroup;
			children = (
				3AF8F5962854CFFC0036D277 /* Fonts */,
				5A7238A9283453CE0052CEBE /* AppDelegate.swift */,
				5A7238AB283453CE0052CEBE /* SceneDelegate.swift */,
				5A7238C1283454670052CEBE /* ProjectCoordinator.swift */,
				5A7238D7283456FF0052CEBE /* Screens */,
				5A7238C3283455000052CEBE /* Workers */,
				5A791A1F28510B7B00CE81E0 /* Models */,
				5ACA954A2835543800FB125C /* CustomViews */,
				5A7238D0283455440052CEBE /* Extensions */,
				5ACA95472835487B00FB125C /* Other */,
				5A7238BA283453D00052CEBE /* Info.plist */,
			);
			path = HelpNear;
			sourceTree = "<group>";
		};
		5A7238C3283455000052CEBE /* Workers */ = {
			isa = PBXGroup;
			children = (
				5A1162B928548C92004CC389 /* EventsDataWorker.swift */,
				5A7238D3283456170052CEBE /* CoreDataWorker.swift */,
				5A7238D2283456170052CEBE /* JSONWorker.swift */,
				5A7238D1283456170052CEBE /* NetworkWorker.swift */,
				5AB37B5E2839887C00CD54EA /* LocationWorker.swift */,
			);
			path = Workers;
			sourceTree = "<group>";
		};
		5A7238D0283455440052CEBE /* Extensions */ = {
			isa = PBXGroup;
			children = (
				5A7238C5283455280052CEBE /* UICollectionView+Ext.swift */,
				5A7238C8283455280052CEBE /* UICollectionViewCell+Ext.swift */,
				5A7238C6283455280052CEBE /* UITableView+Ext.swift */,
				5A7238C7283455280052CEBE /* UITableViewCell+Ext.swift */,
				5A7238C4283455280052CEBE /* UIView+Ext.swift */,
				5A7238C9283455280052CEBE /* UIViewController+Ext.swift */,
			);
			path = Extensions;
			sourceTree = "<group>";
		};
		5A7238D7283456FF0052CEBE /* Screens */ = {
			isa = PBXGroup;
			children = (
				3AF8F5992854DA220036D277 /* OnBoarding */,
				5A9CA6712843898700ECD890 /* Registration */,
				5AB37B5B2839882700CD54EA /* EventCollection */,
				5AB37B5C2839883000CD54EA /* EventMap */,
				5AB37B5D2839883E00CD54EA /* UserProfile */,
			);
			path = Screens;
			sourceTree = "<group>";
		};
		5A791A1F28510B7B00CE81E0 /* Models */ = {
			isa = PBXGroup;
			children = (
				5A791A2228510EF300CE81E0 /* POIModel.swift */,
			);
			path = Models;
			sourceTree = "<group>";
		};
		5A9CA6712843898700ECD890 /* Registration */ = {
			isa = PBXGroup;
			children = (
				5A9CA6722843899C00ECD890 /* RegistrationScreen.swift */,
			);
			path = Registration;
			sourceTree = "<group>";
		};
		5AB37B5B2839882700CD54EA /* EventCollection */ = {
			isa = PBXGroup;
			children = (
				5A1162AB285481AB004CC389 /* EventCollectionViews */,
				5A1162AC285481C8004CC389 /* EventCollectionViewModels */,
				5A1162AD285481EA004CC389 /* EventCollectionModels */,
			);
			path = EventCollection;
			sourceTree = "<group>";
		};
		5AB37B5C2839883000CD54EA /* EventMap */ = {
			isa = PBXGroup;
			children = (
				5A1162B328548C17004CC389 /* EventMapViews */,
				5A1162B428548C1F004CC389 /* EventMapViewModels */,
				5A1162B628548C30004CC389 /* EventMapModels */,
			);
			path = EventMap;
			sourceTree = "<group>";
		};
		5AB37B5D2839883E00CD54EA /* UserProfile */ = {
			isa = PBXGroup;
			children = (
				5ACA95482835496200FB125C /* UserProfileScreen.swift */,
			);
			path = UserProfile;
			sourceTree = "<group>";
		};
		5ACA95472835487B00FB125C /* Other */ = {
			isa = PBXGroup;
			children = (
				5AB37B59283984BC00CD54EA /* Enums.swift */,
				5A7238B5283453D00052CEBE /* Assets.xcassets */,
				5A7238B7283453D00052CEBE /* LaunchScreen.storyboard */,
				5A7238B2283453CE0052CEBE /* HelpNear.xcdatamodeld */,
			);
			path = Other;
			sourceTree = "<group>";
		};
		5ACA954A2835543800FB125C /* CustomViews */ = {
			isa = PBXGroup;
			children = (
				5ACA954B2835547000FB125C /* MapSingleView.swift */,
				5A791A2628512B1700CE81E0 /* LoadingBlurView.swift */,
				5A7D31852853E43D00DEA43E /* RequirementsScrolledList.swift */,
			);
			path = CustomViews;
			sourceTree = "<group>";
		};
		86FBBBE4821356FC68B93EE8 /* Frameworks */ = {
			isa = PBXGroup;
			children = (
				10699B62BA81115C5BEC2428 /* Pods_HelpNear.framework */,
			);
			name = Frameworks;
			sourceTree = "<group>";
		};
/* End PBXGroup section */

/* Begin PBXNativeTarget section */
		5A7238A5283453CE0052CEBE /* HelpNear */ = {
			isa = PBXNativeTarget;
			buildConfigurationList = 5A7238BD283453D00052CEBE /* Build configuration list for PBXNativeTarget "HelpNear" */;
			buildPhases = (
				7F270FAE57C3AF0D359CB221 /* [CP] Check Pods Manifest.lock */,
				5A7238A2283453CE0052CEBE /* Sources */,
				5A7238A3283453CE0052CEBE /* Frameworks */,
				5A7238A4283453CE0052CEBE /* Resources */,
				144D4C70D06D31902CBC07FD /* [CP] Embed Pods Frameworks */,
			);
			buildRules = (
			);
			dependencies = (
			);
			name = HelpNear;
			productName = TheHelpNear;
			productReference = 5A7238A6283453CE0052CEBE /* HelpNear.app */;
			productType = "com.apple.product-type.application";
		};
/* End PBXNativeTarget section */

/* Begin PBXProject section */
		5A72389E283453CE0052CEBE /* Project object */ = {
			isa = PBXProject;
			attributes = {
				BuildIndependentTargetsInParallel = 1;
				LastSwiftUpdateCheck = 1310;
				LastUpgradeCheck = 1310;
				TargetAttributes = {
					5A7238A5283453CE0052CEBE = {
						CreatedOnToolsVersion = 13.1;
					};
				};
			};
			buildConfigurationList = 5A7238A1283453CE0052CEBE /* Build configuration list for PBXProject "HelpNear" */;
			compatibilityVersion = "Xcode 13.0";
			developmentRegion = en;
			hasScannedForEncodings = 0;
			knownRegions = (
				en,
				Base,
			);
			mainGroup = 5A72389D283453CE0052CEBE;
			productRefGroup = 5A7238A7283453CE0052CEBE /* Products */;
			projectDirPath = "";
			projectRoot = "";
			targets = (
				5A7238A5283453CE0052CEBE /* HelpNear */,
			);
		};
/* End PBXProject section */

/* Begin PBXResourcesBuildPhase section */
		5A7238A4283453CE0052CEBE /* Resources */ = {
			isa = PBXResourcesBuildPhase;
			buildActionMask = 2147483647;
			files = (
				5A7238B9283453D00052CEBE /* LaunchScreen.storyboard in Resources */,
				3AF8F5A12854E53B0036D277 /* OnBoardingViewController.xib in Resources */,
				3A7BFF9D2855A1F8009ADD45 /* OnBoardingViewController4.xib in Resources */,
				3A7BFFA52855B6E6009ADD45 /* OnBoardingViewController6.xib in Resources */,
				3AF8F59D2854E33B0036D277 /* OnBoardingViewController1.xib in Resources */,
				3A7BFF9928559857009ADD45 /* OnBoardingViewController3.xib in Resources */,
				3A7BFFA12855B3FB009ADD45 /* OnBoardingViewController5.xib in Resources */,
				5A7238B6283453D00052CEBE /* Assets.xcassets in Resources */,
				3AF8F5982854D0690036D277 /* Bahnschrift.ttf in Resources */,
			);
			runOnlyForDeploymentPostprocessing = 0;
		};
/* End PBXResourcesBuildPhase section */

/* Begin PBXShellScriptBuildPhase section */
		144D4C70D06D31902CBC07FD /* [CP] Embed Pods Frameworks */ = {
			isa = PBXShellScriptBuildPhase;
			buildActionMask = 2147483647;
			files = (
			);
			inputFileListPaths = (
				"${PODS_ROOT}/Target Support Files/Pods-HelpNear/Pods-HelpNear-frameworks-${CONFIGURATION}-input-files.xcfilelist",
			);
			name = "[CP] Embed Pods Frameworks";
			outputFileListPaths = (
				"${PODS_ROOT}/Target Support Files/Pods-HelpNear/Pods-HelpNear-frameworks-${CONFIGURATION}-output-files.xcfilelist",
			);
			runOnlyForDeploymentPostprocessing = 0;
			shellPath = /bin/sh;
			shellScript = "\"${PODS_ROOT}/Target Support Files/Pods-HelpNear/Pods-HelpNear-frameworks.sh\"\n";
			showEnvVarsInLog = 0;
		};
		7F270FAE57C3AF0D359CB221 /* [CP] Check Pods Manifest.lock */ = {
			isa = PBXShellScriptBuildPhase;
			buildActionMask = 2147483647;
			files = (
			);
			inputFileListPaths = (
			);
			inputPaths = (
				"${PODS_PODFILE_DIR_PATH}/Podfile.lock",
				"${PODS_ROOT}/Manifest.lock",
			);
			name = "[CP] Check Pods Manifest.lock";
			outputFileListPaths = (
			);
			outputPaths = (
				"$(DERIVED_FILE_DIR)/Pods-HelpNear-checkManifestLockResult.txt",
			);
			runOnlyForDeploymentPostprocessing = 0;
			shellPath = /bin/sh;
			shellScript = "diff \"${PODS_PODFILE_DIR_PATH}/Podfile.lock\" \"${PODS_ROOT}/Manifest.lock\" > /dev/null\nif [ $? != 0 ] ; then\n    # print error to STDERR\n    echo \"error: The sandbox is not in sync with the Podfile.lock. Run 'pod install' or update your CocoaPods installation.\" >&2\n    exit 1\nfi\n# This output is used by Xcode 'outputs' to avoid re-running this script phase.\necho \"SUCCESS\" > \"${SCRIPT_OUTPUT_FILE_0}\"\n";
			showEnvVarsInLog = 0;
		};
/* End PBXShellScriptBuildPhase section */

/* Begin PBXSourcesBuildPhase section */
		5A7238A2283453CE0052CEBE /* Sources */ = {
			isa = PBXSourcesBuildPhase;
			buildActionMask = 2147483647;
			files = (
				5A1162BA28548C92004CC389 /* EventsDataWorker.swift in Sources */,
				5A7238C2283454670052CEBE /* ProjectCoordinator.swift in Sources */,
				3AF8F59C2854E33B0036D277 /* OnBoardingViewController1.swift in Sources */,
				5A7238CD283455280052CEBE /* UITableViewCell+Ext.swift in Sources */,
				3A7BFF9C2855A1F8009ADD45 /* OnBoardingViewController4.swift in Sources */,
				5A9CA6732843899C00ECD890 /* RegistrationScreen.swift in Sources */,
				3A7BFFA42855B6E6009ADD45 /* OnBoardingViewController6.swift in Sources */,
				5A7D31862853E43D00DEA43E /* RequirementsScrolledList.swift in Sources */,
				3A7BFFA02855B3FB009ADD45 /* OnBoardingViewController5.swift in Sources */,
				5A7238D4283456170052CEBE /* NetworkWorker.swift in Sources */,
				5A7238CE283455280052CEBE /* UICollectionViewCell+Ext.swift in Sources */,
				5A791A2928512D3900CE81E0 /* EventCollectionCell.swift in Sources */,
				5A7238CF283455280052CEBE /* UIViewController+Ext.swift in Sources */,
				3A7BFF9828559857009ADD45 /* OnBoardingViewController3.swift in Sources */,
				5A791A2528512A4700CE81E0 /* EventCollectionHeader.swift in Sources */,
				5A7238B4283453CE0052CEBE /* HelpNear.xcdatamodeld in Sources */,
				5A1162B828548C67004CC389 /* EventMapViewModel.swift in Sources */,
				5A7238CA283455280052CEBE /* UIView+Ext.swift in Sources */,
				5A7238CB283455280052CEBE /* UICollectionView+Ext.swift in Sources */,
				5A1162AF285485F7004CC389 /* EventCollectionModel.swift in Sources */,
				5ACA95492835496200FB125C /* UserProfileScreen.swift in Sources */,
				5A7238D5283456170052CEBE /* JSONWorker.swift in Sources */,
				5AB37B56283982CE00CD54EA /* EventCollectionScreen.swift in Sources */,
				5AB37B582839844400CD54EA /* EventMapScreen.swift in Sources */,
				5A791A2728512B1700CE81E0 /* LoadingBlurView.swift in Sources */,
				5A7238D6283456170052CEBE /* CoreDataWorker.swift in Sources */,
				5A7E5AFC2854A04F004B5FBB /* EventCollectionViewModel.swift in Sources */,
				5AB37B5F2839887C00CD54EA /* LocationWorker.swift in Sources */,
				5A7238CC283455280052CEBE /* UITableView+Ext.swift in Sources */,
				5A7238AA283453CE0052CEBE /* AppDelegate.swift in Sources */,
				5A7238AC283453CE0052CEBE /* SceneDelegate.swift in Sources */,
				3AF8F5A02854E53B0036D277 /* OnBoardingViewController.swift in Sources */,
				5AB37B5A283984BC00CD54EA /* Enums.swift in Sources */,
				5A791A2128510D0100CE81E0 /* LocationModel.swift in Sources */,
				5A791A2328510EF300CE81E0 /* POIModel.swift in Sources */,
				5ACA954C2835547000FB125C /* MapSingleView.swift in Sources */,
			);
			runOnlyForDeploymentPostprocessing = 0;
		};
/* End PBXSourcesBuildPhase section */

/* Begin PBXVariantGroup section */
		5A7238B7283453D00052CEBE /* LaunchScreen.storyboard */ = {
			isa = PBXVariantGroup;
			children = (
				5A7238B8283453D00052CEBE /* Base */,
			);
			name = LaunchScreen.storyboard;
			sourceTree = "<group>";
		};
/* End PBXVariantGroup section */

/* Begin XCBuildConfiguration section */
		5A7238BB283453D00052CEBE /* Debug */ = {
			isa = XCBuildConfiguration;
			buildSettings = {
				ALWAYS_SEARCH_USER_PATHS = NO;
				CLANG_ANALYZER_NONNULL = YES;
				CLANG_ANALYZER_NUMBER_OBJECT_CONVERSION = YES_AGGRESSIVE;
				CLANG_CXX_LANGUAGE_STANDARD = "gnu++17";
				CLANG_CXX_LIBRARY = "libc++";
				CLANG_ENABLE_MODULES = YES;
				CLANG_ENABLE_OBJC_ARC = YES;
				CLANG_ENABLE_OBJC_WEAK = YES;
				CLANG_WARN_BLOCK_CAPTURE_AUTORELEASING = YES;
				CLANG_WARN_BOOL_CONVERSION = YES;
				CLANG_WARN_COMMA = YES;
				CLANG_WARN_CONSTANT_CONVERSION = YES;
				CLANG_WARN_DEPRECATED_OBJC_IMPLEMENTATIONS = YES;
				CLANG_WARN_DIRECT_OBJC_ISA_USAGE = YES_ERROR;
				CLANG_WARN_DOCUMENTATION_COMMENTS = YES;
				CLANG_WARN_EMPTY_BODY = YES;
				CLANG_WARN_ENUM_CONVERSION = YES;
				CLANG_WARN_INFINITE_RECURSION = YES;
				CLANG_WARN_INT_CONVERSION = YES;
				CLANG_WARN_NON_LITERAL_NULL_CONVERSION = YES;
				CLANG_WARN_OBJC_IMPLICIT_RETAIN_SELF = YES;
				CLANG_WARN_OBJC_LITERAL_CONVERSION = YES;
				CLANG_WARN_OBJC_ROOT_CLASS = YES_ERROR;
				CLANG_WARN_QUOTED_INCLUDE_IN_FRAMEWORK_HEADER = YES;
				CLANG_WARN_RANGE_LOOP_ANALYSIS = YES;
				CLANG_WARN_STRICT_PROTOTYPES = YES;
				CLANG_WARN_SUSPICIOUS_MOVE = YES;
				CLANG_WARN_UNGUARDED_AVAILABILITY = YES_AGGRESSIVE;
				CLANG_WARN_UNREACHABLE_CODE = YES;
				CLANG_WARN__DUPLICATE_METHOD_MATCH = YES;
				COPY_PHASE_STRIP = NO;
				DEBUG_INFORMATION_FORMAT = dwarf;
				ENABLE_STRICT_OBJC_MSGSEND = YES;
				ENABLE_TESTABILITY = YES;
				GCC_C_LANGUAGE_STANDARD = gnu11;
				GCC_DYNAMIC_NO_PIC = NO;
				GCC_NO_COMMON_BLOCKS = YES;
				GCC_OPTIMIZATION_LEVEL = 0;
				GCC_PREPROCESSOR_DEFINITIONS = (
					"DEBUG=1",
					"$(inherited)",
				);
				GCC_WARN_64_TO_32_BIT_CONVERSION = YES;
				GCC_WARN_ABOUT_RETURN_TYPE = YES_ERROR;
				GCC_WARN_UNDECLARED_SELECTOR = YES;
				GCC_WARN_UNINITIALIZED_AUTOS = YES_AGGRESSIVE;
				GCC_WARN_UNUSED_FUNCTION = YES;
				GCC_WARN_UNUSED_VARIABLE = YES;
				IPHONEOS_DEPLOYMENT_TARGET = 13.0;
				MTL_ENABLE_DEBUG_INFO = INCLUDE_SOURCE;
				MTL_FAST_MATH = YES;
				ONLY_ACTIVE_ARCH = YES;
				SDKROOT = iphoneos;
				SWIFT_ACTIVE_COMPILATION_CONDITIONS = DEBUG;
				SWIFT_OPTIMIZATION_LEVEL = "-Onone";
			};
			name = Debug;
		};
		5A7238BC283453D00052CEBE /* Release */ = {
			isa = XCBuildConfiguration;
			buildSettings = {
				ALWAYS_SEARCH_USER_PATHS = NO;
				CLANG_ANALYZER_NONNULL = YES;
				CLANG_ANALYZER_NUMBER_OBJECT_CONVERSION = YES_AGGRESSIVE;
				CLANG_CXX_LANGUAGE_STANDARD = "gnu++17";
				CLANG_CXX_LIBRARY = "libc++";
				CLANG_ENABLE_MODULES = YES;
				CLANG_ENABLE_OBJC_ARC = YES;
				CLANG_ENABLE_OBJC_WEAK = YES;
				CLANG_WARN_BLOCK_CAPTURE_AUTORELEASING = YES;
				CLANG_WARN_BOOL_CONVERSION = YES;
				CLANG_WARN_COMMA = YES;
				CLANG_WARN_CONSTANT_CONVERSION = YES;
				CLANG_WARN_DEPRECATED_OBJC_IMPLEMENTATIONS = YES;
				CLANG_WARN_DIRECT_OBJC_ISA_USAGE = YES_ERROR;
				CLANG_WARN_DOCUMENTATION_COMMENTS = YES;
				CLANG_WARN_EMPTY_BODY = YES;
				CLANG_WARN_ENUM_CONVERSION = YES;
				CLANG_WARN_INFINITE_RECURSION = YES;
				CLANG_WARN_INT_CONVERSION = YES;
				CLANG_WARN_NON_LITERAL_NULL_CONVERSION = YES;
				CLANG_WARN_OBJC_IMPLICIT_RETAIN_SELF = YES;
				CLANG_WARN_OBJC_LITERAL_CONVERSION = YES;
				CLANG_WARN_OBJC_ROOT_CLASS = YES_ERROR;
				CLANG_WARN_QUOTED_INCLUDE_IN_FRAMEWORK_HEADER = YES;
				CLANG_WARN_RANGE_LOOP_ANALYSIS = YES;
				CLANG_WARN_STRICT_PROTOTYPES = YES;
				CLANG_WARN_SUSPICIOUS_MOVE = YES;
				CLANG_WARN_UNGUARDED_AVAILABILITY = YES_AGGRESSIVE;
				CLANG_WARN_UNREACHABLE_CODE = YES;
				CLANG_WARN__DUPLICATE_METHOD_MATCH = YES;
				COPY_PHASE_STRIP = NO;
				DEBUG_INFORMATION_FORMAT = "dwarf-with-dsym";
				ENABLE_NS_ASSERTIONS = NO;
				ENABLE_STRICT_OBJC_MSGSEND = YES;
				GCC_C_LANGUAGE_STANDARD = gnu11;
				GCC_NO_COMMON_BLOCKS = YES;
				GCC_WARN_64_TO_32_BIT_CONVERSION = YES;
				GCC_WARN_ABOUT_RETURN_TYPE = YES_ERROR;
				GCC_WARN_UNDECLARED_SELECTOR = YES;
				GCC_WARN_UNINITIALIZED_AUTOS = YES_AGGRESSIVE;
				GCC_WARN_UNUSED_FUNCTION = YES;
				GCC_WARN_UNUSED_VARIABLE = YES;
				IPHONEOS_DEPLOYMENT_TARGET = 13.0;
				MTL_ENABLE_DEBUG_INFO = NO;
				MTL_FAST_MATH = YES;
				SDKROOT = iphoneos;
				SWIFT_COMPILATION_MODE = wholemodule;
				SWIFT_OPTIMIZATION_LEVEL = "-O";
				VALIDATE_PRODUCT = YES;
			};
			name = Release;
		};
		5A7238BE283453D00052CEBE /* Debug */ = {
			isa = XCBuildConfiguration;
			baseConfigurationReference = F399C5713899BA23CF882C32 /* Pods-HelpNear.debug.xcconfig */;
			buildSettings = {
				ASSETCATALOG_COMPILER_APPICON_NAME = AppIcon;
				ASSETCATALOG_COMPILER_GLOBAL_ACCENT_COLOR_NAME = AccentColor;
				CODE_SIGN_ENTITLEMENTS = "";
				CODE_SIGN_STYLE = Automatic;
				CURRENT_PROJECT_VERSION = 1;
				GENERATE_INFOPLIST_FILE = YES;
				INFOPLIST_FILE = HelpNear/Info.plist;
				INFOPLIST_KEY_CFBundleDisplayName = " Помощь рядом";
				INFOPLIST_KEY_UIApplicationSupportsIndirectInputEvents = YES;
				INFOPLIST_KEY_UILaunchStoryboardName = LaunchScreen;
				INFOPLIST_KEY_UISupportedInterfaceOrientations_iPad = "UIInterfaceOrientationPortrait UIInterfaceOrientationPortraitUpsideDown UIInterfaceOrientationLandscapeLeft UIInterfaceOrientationLandscapeRight";
				INFOPLIST_KEY_UISupportedInterfaceOrientations_iPhone = "UIInterfaceOrientationPortrait UIInterfaceOrientationLandscapeLeft UIInterfaceOrientationLandscapeRight";
				IPHONEOS_DEPLOYMENT_TARGET = 13.0;
				LD_RUNPATH_SEARCH_PATHS = (
					"$(inherited)",
					"@executable_path/Frameworks",
				);
				MARKETING_VERSION = 1.0;
				PRODUCT_BUNDLE_IDENTIFIER = sdk.HelpNear;
				PRODUCT_NAME = "$(TARGET_NAME)";
				SUPPORTS_MACCATALYST = NO;
				SWIFT_EMIT_LOC_STRINGS = YES;
				SWIFT_VERSION = 5.0;
				TARGETED_DEVICE_FAMILY = "1,2";
			};
			name = Debug;
		};
		5A7238BF283453D00052CEBE /* Release */ = {
			isa = XCBuildConfiguration;
			baseConfigurationReference = CCB986EA9FAD6E8F0609DAC5 /* Pods-HelpNear.release.xcconfig */;
			buildSettings = {
				ASSETCATALOG_COMPILER_APPICON_NAME = AppIcon;
				ASSETCATALOG_COMPILER_GLOBAL_ACCENT_COLOR_NAME = AccentColor;
				CODE_SIGN_ENTITLEMENTS = "";
				CODE_SIGN_STYLE = Automatic;
				CURRENT_PROJECT_VERSION = 1;
				GENERATE_INFOPLIST_FILE = YES;
				INFOPLIST_FILE = HelpNear/Info.plist;
				INFOPLIST_KEY_CFBundleDisplayName = " Помощь рядом";
				INFOPLIST_KEY_UIApplicationSupportsIndirectInputEvents = YES;
				INFOPLIST_KEY_UILaunchStoryboardName = LaunchScreen;
				INFOPLIST_KEY_UISupportedInterfaceOrientations_iPad = "UIInterfaceOrientationPortrait UIInterfaceOrientationPortraitUpsideDown UIInterfaceOrientationLandscapeLeft UIInterfaceOrientationLandscapeRight";
				INFOPLIST_KEY_UISupportedInterfaceOrientations_iPhone = "UIInterfaceOrientationPortrait UIInterfaceOrientationLandscapeLeft UIInterfaceOrientationLandscapeRight";
				IPHONEOS_DEPLOYMENT_TARGET = 13.0;
				LD_RUNPATH_SEARCH_PATHS = (
					"$(inherited)",
					"@executable_path/Frameworks",
				);
				MARKETING_VERSION = 1.0;
				PRODUCT_BUNDLE_IDENTIFIER = sdk.HelpNear;
				PRODUCT_NAME = "$(TARGET_NAME)";
				SUPPORTS_MACCATALYST = NO;
				SWIFT_EMIT_LOC_STRINGS = YES;
				SWIFT_VERSION = 5.0;
				TARGETED_DEVICE_FAMILY = "1,2";
			};
			name = Release;
		};
/* End XCBuildConfiguration section */

/* Begin XCConfigurationList section */
		5A7238A1283453CE0052CEBE /* Build configuration list for PBXProject "HelpNear" */ = {
			isa = XCConfigurationList;
			buildConfigurations = (
				5A7238BB283453D00052CEBE /* Debug */,
				5A7238BC283453D00052CEBE /* Release */,
			);
			defaultConfigurationIsVisible = 0;
			defaultConfigurationName = Release;
		};
		5A7238BD283453D00052CEBE /* Build configuration list for PBXNativeTarget "HelpNear" */ = {
			isa = XCConfigurationList;
			buildConfigurations = (
				5A7238BE283453D00052CEBE /* Debug */,
				5A7238BF283453D00052CEBE /* Release */,
			);
			defaultConfigurationIsVisible = 0;
			defaultConfigurationName = Release;
		};
/* End XCConfigurationList section */

/* Begin XCVersionGroup section */
		5A7238B2283453CE0052CEBE /* HelpNear.xcdatamodeld */ = {
			isa = XCVersionGroup;
			children = (
				5A7238B3283453CE0052CEBE /* HelpNear.xcdatamodel */,
			);
			currentVersion = 5A7238B3283453CE0052CEBE /* HelpNear.xcdatamodel */;
			path = HelpNear.xcdatamodeld;
			sourceTree = "<group>";
			versionGroupType = wrapper.xcdatamodel;
		};
/* End XCVersionGroup section */
	};
	rootObject = 5A72389E283453CE0052CEBE /* Project object */;
}
